
Microsoft Visual Studio Solution File, Format Version 12.00
# Visual Studio Version 17
VisualStudioVersion = 17.0.31903.59
MinimumVisualStudioVersion = 10.0.40219.1
Project("{2150E333-8FDC-42A3-9474-1A3956D46DE8}") = "src", "src", "{46FE0DE1-0592-4ADD-A7E5-7C0DA72335DF}"
EndProject
Project("{FAE04EC0-301F-11D3-BF4B-00C04F79EFBC}") = "MusicApi", "src\MusicApi\MusicApi.csproj", "{13DF106B-F5CA-4421-95C5-FDCA9D8F70E0}"
EndProject
Project("{2150E333-8FDC-42A3-9474-1A3956D46DE8}") = "test", "test", "{4F78E334-9621-4E3F-9AB1-C94055C59771}"
EndProject
Project("{FAE04EC0-301F-11D3-BF4B-00C04F79EFBC}") = "MusicApi.Tests", "test\MusicApi.Tests\MusicApi.Tests.csproj", "{9B721B03-8F94-424B-A460-918337D766E2}"
EndProject
Project("{FAE04EC0-301F-11D3-BF4B-00C04F79EFBC}") = "MusicApi.Models", "src\MusicApi.Models\MusicApi.Models.csproj", "{B497CD8C-CB6C-47A4-8711-520F803450B7}"
EndProject
Global
	GlobalSection(SolutionConfigurationPlatforms) = preSolution
		Debug|Any CPU = Debug|Any CPU
		Release|Any CPU = Release|Any CPU
	EndGlobalSection
	GlobalSection(SolutionProperties) = preSolution
		HideSolutionNode = FALSE
	EndGlobalSection
	GlobalSection(ProjectConfigurationPlatforms) = postSolution
		{13DF106B-F5CA-4421-95C5-FDCA9D8F70E0}.Debug|Any CPU.ActiveCfg = Debug|Any CPU
		{13DF106B-F5CA-4421-95C5-FDCA9D8F70E0}.Debug|Any CPU.Build.0 = Debug|Any CPU
		{13DF106B-F5CA-4421-95C5-FDCA9D8F70E0}.Release|Any CPU.ActiveCfg = Release|Any CPU
		{13DF106B-F5CA-4421-95C5-FDCA9D8F70E0}.Release|Any CPU.Build.0 = Release|Any CPU
		{9B721B03-8F94-424B-A460-918337D766E2}.Debug|Any CPU.ActiveCfg = Debug|Any CPU
		{9B721B03-8F94-424B-A460-918337D766E2}.Debug|Any CPU.Build.0 = Debug|Any CPU
		{9B721B03-8F94-424B-A460-918337D766E2}.Release|Any CPU.ActiveCfg = Release|Any CPU
		{9B721B03-8F94-424B-A460-918337D766E2}.Release|Any CPU.Build.0 = Release|Any CPU
		{B497CD8C-CB6C-47A4-8711-520F803450B7}.Debug|Any CPU.ActiveCfg = Debug|Any CPU
		{B497CD8C-CB6C-47A4-8711-520F803450B7}.Debug|Any CPU.Build.0 = Debug|Any CPU
		{B497CD8C-CB6C-47A4-8711-520F803450B7}.Release|Any CPU.ActiveCfg = Release|Any CPU
		{B497CD8C-CB6C-47A4-8711-520F803450B7}.Release|Any CPU.Build.0 = Release|Any CPU
	EndGlobalSection
	GlobalSection(NestedProjects) = preSolution
		{13DF106B-F5CA-4421-95C5-FDCA9D8F70E0} = {46FE0DE1-0592-4ADD-A7E5-7C0DA72335DF}
		{9B721B03-8F94-424B-A460-918337D766E2} = {4F78E334-9621-4E3F-9AB1-C94055C59771}
		{B497CD8C-CB6C-47A4-8711-520F803450B7} = {46FE0DE1-0592-4ADD-A7E5-7C0DA72335DF}
	EndGlobalSection
EndGlobal
